
Microsoft Visual Studio Solution File, Format Version 12.00
# Visual Studio Version 16
VisualStudioVersion = 16.0.33927.289
MinimumVisualStudioVersion = 10.0.40219.1
Project("{2150E333-8FDC-42A3-9474-1A3956D46DE8}") = "Task0", "Task0", "{1E20ED91-AA54-4946-BBD8-434B88CCB3D0}"
EndProject
Project("{FAE04EC0-301F-11D3-BF4B-00C04F79EFBC}") = "Tyuiu.LyaginVA.Sprint4.Task0.V27", "Tyuiu.LyaginVA.Sprint4.Task0.V27\Tyuiu.LyaginVA.Sprint4.Task0.V27.csproj", "{8C4326C4-C1BB-4425-844D-FC81F534421D}"
EndProject
Project("{FAE04EC0-301F-11D3-BF4B-00C04F79EFBC}") = "Tyuiu.LyaginVA.Sprint4.Task0.V27.Lib", "Tyuiu.LyaginVA.Sprint4.Task0.V27.Lib\Tyuiu.LyaginVA.Sprint4.Task0.V27.Lib.csproj", "{6BCB8BC7-E54F-490C-8A48-080EC45844D9}"
EndProject
Project("{FAE04EC0-301F-11D3-BF4B-00C04F79EFBC}") = "Tyuiu.LyaginVA.Sprint4.Task0.V27.Test", "Tyuiu.LyaginVA.Sprint4.Task0.V27.Test\Tyuiu.LyaginVA.Sprint4.Task0.V27.Test.csproj", "{20F376C6-55C5-4247-A7EB-C64183BD8EEA}"
EndProject
Project("{2150E333-8FDC-42A3-9474-1A3956D46DE8}") = "Task1", "Task1", "{C9FBF0E3-D4FD-4BB8-8101-F77F4A99D429}"
EndProject
Project("{FAE04EC0-301F-11D3-BF4B-00C04F79EFBC}") = "Tyuiu.LyaginVA.Sprint4.Task1.V8", "Tyuiu.LyaginVA.Sprint4.Task1.V8\Tyuiu.LyaginVA.Sprint4.Task1.V8.csproj", "{A1FDA1A2-6A4B-4520-86A7-61737D88E608}"
EndProject
Project("{FAE04EC0-301F-11D3-BF4B-00C04F79EFBC}") = "Tyuiu.LyaginVA.Sprint4.Task1.V8.Lib", "Tyuiu.LyaginVA.Sprint4.Task1.V8.Lib\Tyuiu.LyaginVA.Sprint4.Task1.V8.Lib.csproj", "{0195EDC1-1AAA-4304-BF8D-3382529B5EF9}"
EndProject
Project("{FAE04EC0-301F-11D3-BF4B-00C04F79EFBC}") = "Tyuiu.LyaginVA.Sprint4.Task1.V8.Test", "Tyuiu.LyaginVA.Sprint4.Task1.V8.Test\Tyuiu.LyaginVA.Sprint4.Task1.V8.Test.csproj", "{A868C647-11DC-4F71-B3F0-C3C52EC2D959}"
EndProject
Project("{2150E333-8FDC-42A3-9474-1A3956D46DE8}") = "Task2", "Task2", "{EE6A1A78-E0AD-470A-BA03-B67A0F37ABF5}"
EndProject
Project("{FAE04EC0-301F-11D3-BF4B-00C04F79EFBC}") = "Tyuiu.LyaginVA.Sprint4.Task2.V19", "Tyuiu.LyaginVA.Sprint4.Task2.V19\Tyuiu.LyaginVA.Sprint4.Task2.V19.csproj", "{D1032F98-8051-48FA-A8C7-D389C619A24C}"
EndProject
Project("{FAE04EC0-301F-11D3-BF4B-00C04F79EFBC}") = "Tyuiu.LyaginVA.Sprint4.Task2.V19.Lib", "Tyuiu.LyaginVA.Sprint4.Task2.V19.Lib\Tyuiu.LyaginVA.Sprint4.Task2.V19.Lib.csproj", "{1696F105-1063-4BB2-95C8-C0A50E8DBF04}"
EndProject
Project("{FAE04EC0-301F-11D3-BF4B-00C04F79EFBC}") = "Tyuiu.LyaginVA.Sprint4.Task2.V19.Test", "Tyuiu.LyaginVA.Sprint4.Task2.V19.Test\Tyuiu.LyaginVA.Sprint4.Task2.V19.Test.csproj", "{FB3FB7FA-200E-4A22-B610-C24AE976C55E}"
EndProject
Project("{2150E333-8FDC-42A3-9474-1A3956D46DE8}") = "Task3", "Task3", "{F41F8BD0-9E16-47C2-8379-6A4F021E3078}"
EndProject
Project("{FAE04EC0-301F-11D3-BF4B-00C04F79EFBC}") = "Tyuiu.LyaginVA.Sprint4.Task3.V29", "Tyuiu.LyaginVA.Sprint4.Task3.V29\Tyuiu.LyaginVA.Sprint4.Task3.V29.csproj", "{56F9A299-514C-4544-8B45-A32CF092AC2C}"
EndProject
Project("{FAE04EC0-301F-11D3-BF4B-00C04F79EFBC}") = "Tyuiu.LyaginVA.Sprint4.Task3.V29.Lib", "Tyuiu.LyaginVA.Sprint4.Task3.V29.Lib\Tyuiu.LyaginVA.Sprint4.Task3.V29.Lib.csproj", "{BA3A709B-F275-4240-ADCF-30B6721781EE}"
EndProject
Project("{FAE04EC0-301F-11D3-BF4B-00C04F79EFBC}") = "Tyuiu.LyaginVA.Sprint4.Task3.V29.Test", "Tyuiu.LyaginVA.Sprint4.Task3.V29.Test\Tyuiu.LyaginVA.Sprint4.Task3.V29.Test.csproj", "{F4F9CF87-BFC3-43A6-80C2-B37449133CC2}"
EndProject
Project("{2150E333-8FDC-42A3-9474-1A3956D46DE8}") = "Task4", "Task4", "{FC432B96-BAAA-40E4-AD5C-3A2914B7CA56}"
EndProject
Project("{FAE04EC0-301F-11D3-BF4B-00C04F79EFBC}") = "Tyuiu.LyaginVA.Sprint4.Task4.V19", "Tyuiu.LyaginVA.Sprint4.Task4.V19\Tyuiu.LyaginVA.Sprint4.Task4.V19.csproj", "{AB482627-7C80-4438-A6E5-DC10D9F6821B}"
EndProject
Project("{FAE04EC0-301F-11D3-BF4B-00C04F79EFBC}") = "Tyuiu.LyaginVA.Sprint4.Task4.V19.Lib", "Tyuiu.LyaginVA.Sprint4.Task4.V19.Lib\Tyuiu.LyaginVA.Sprint4.Task4.V19.Lib.csproj", "{0C5202D4-3717-4787-A28D-C38DD408CD43}"
EndProject
Project("{FAE04EC0-301F-11D3-BF4B-00C04F79EFBC}") = "Tyuiu.LyaginVA.Sprint4.Task4.V19.Test", "Tyuiu.LyaginVA.Sprint4.Task4.V19.Test\Tyuiu.LyaginVA.Sprint4.Task4.V19.Test.csproj", "{E5AA69AB-9994-4273-92C7-FBFFFC34DF7E}"
EndProject
Project("{2150E333-8FDC-42A3-9474-1A3956D46DE8}") = "Task5", "Task5", "{C63A4765-B157-443C-A24F-EE0ACC1981D6}"
EndProject
Project("{FAE04EC0-301F-11D3-BF4B-00C04F79EFBC}") = "Tyuiu.LyaginVA.Sprint4.Task5.V6", "Tyuiu.LyaginVA.Sprint4.Task5.V6\Tyuiu.LyaginVA.Sprint4.Task5.V6.csproj", "{5473A598-3F9E-4185-9ACD-076A4D8A920D}"
EndProject
Project("{FAE04EC0-301F-11D3-BF4B-00C04F79EFBC}") = "Tyuiu.LyaginVA.Sprint4.Task5.V6.Lib", "Tyuiu.LyaginVA.Sprint4.Task5.V6.Lib\Tyuiu.LyaginVA.Sprint4.Task5.V6.Lib.csproj", "{CD204F50-3534-47FA-BB54-F21279B16A4E}"
EndProject
Project("{FAE04EC0-301F-11D3-BF4B-00C04F79EFBC}") = "Tyuiu.LyaginVA.Sprint4.Task5.V6.Test", "Tyuiu.LyaginVA.Sprint4.Task5.V6.Test\Tyuiu.LyaginVA.Sprint4.Task5.V6.Test.csproj", "{3F565A54-FD57-4318-BBD8-8A8F6CDE41BF}"
EndProject
Global
	GlobalSection(SolutionConfigurationPlatforms) = preSolution
		Debug|Any CPU = Debug|Any CPU
		Release|Any CPU = Release|Any CPU
	EndGlobalSection
	GlobalSection(ProjectConfigurationPlatforms) = postSolution
		{8C4326C4-C1BB-4425-844D-FC81F534421D}.Debug|Any CPU.ActiveCfg = Debug|Any CPU
		{8C4326C4-C1BB-4425-844D-FC81F534421D}.Debug|Any CPU.Build.0 = Debug|Any CPU
		{8C4326C4-C1BB-4425-844D-FC81F534421D}.Release|Any CPU.ActiveCfg = Release|Any CPU
		{8C4326C4-C1BB-4425-844D-FC81F534421D}.Release|Any CPU.Build.0 = Release|Any CPU
		{6BCB8BC7-E54F-490C-8A48-080EC45844D9}.Debug|Any CPU.ActiveCfg = Debug|Any CPU
		{6BCB8BC7-E54F-490C-8A48-080EC45844D9}.Debug|Any CPU.Build.0 = Debug|Any CPU
		{6BCB8BC7-E54F-490C-8A48-080EC45844D9}.Release|Any CPU.ActiveCfg = Release|Any CPU
		{6BCB8BC7-E54F-490C-8A48-080EC45844D9}.Release|Any CPU.Build.0 = Release|Any CPU
		{20F376C6-55C5-4247-A7EB-C64183BD8EEA}.Debug|Any CPU.ActiveCfg = Debug|Any CPU
		{20F376C6-55C5-4247-A7EB-C64183BD8EEA}.Debug|Any CPU.Build.0 = Debug|Any CPU
		{20F376C6-55C5-4247-A7EB-C64183BD8EEA}.Release|Any CPU.ActiveCfg = Release|Any CPU
		{20F376C6-55C5-4247-A7EB-C64183BD8EEA}.Release|Any CPU.Build.0 = Release|Any CPU
		{A1FDA1A2-6A4B-4520-86A7-61737D88E608}.Debug|Any CPU.ActiveCfg = Debug|Any CPU
		{A1FDA1A2-6A4B-4520-86A7-61737D88E608}.Debug|Any CPU.Build.0 = Debug|Any CPU
		{A1FDA1A2-6A4B-4520-86A7-61737D88E608}.Release|Any CPU.ActiveCfg = Release|Any CPU
		{A1FDA1A2-6A4B-4520-86A7-61737D88E608}.Release|Any CPU.Build.0 = Release|Any CPU
		{0195EDC1-1AAA-4304-BF8D-3382529B5EF9}.Debug|Any CPU.ActiveCfg = Debug|Any CPU
		{0195EDC1-1AAA-4304-BF8D-3382529B5EF9}.Debug|Any CPU.Build.0 = Debug|Any CPU
		{0195EDC1-1AAA-4304-BF8D-3382529B5EF9}.Release|Any CPU.ActiveCfg = Release|Any CPU
		{0195EDC1-1AAA-4304-BF8D-3382529B5EF9}.Release|Any CPU.Build.0 = Release|Any CPU
		{A868C647-11DC-4F71-B3F0-C3C52EC2D959}.Debug|Any CPU.ActiveCfg = Debug|Any CPU
		{A868C647-11DC-4F71-B3F0-C3C52EC2D959}.Debug|Any CPU.Build.0 = Debug|Any CPU
		{A868C647-11DC-4F71-B3F0-C3C52EC2D959}.Release|Any CPU.ActiveCfg = Release|Any CPU
		{A868C647-11DC-4F71-B3F0-C3C52EC2D959}.Release|Any CPU.Build.0 = Release|Any CPU
		{D1032F98-8051-48FA-A8C7-D389C619A24C}.Debug|Any CPU.ActiveCfg = Debug|Any CPU
		{D1032F98-8051-48FA-A8C7-D389C619A24C}.Debug|Any CPU.Build.0 = Debug|Any CPU
		{D1032F98-8051-48FA-A8C7-D389C619A24C}.Release|Any CPU.ActiveCfg = Release|Any CPU
		{D1032F98-8051-48FA-A8C7-D389C619A24C}.Release|Any CPU.Build.0 = Release|Any CPU
		{1696F105-1063-4BB2-95C8-C0A50E8DBF04}.Debug|Any CPU.ActiveCfg = Debug|Any CPU
		{1696F105-1063-4BB2-95C8-C0A50E8DBF04}.Debug|Any CPU.Build.0 = Debug|Any CPU
		{1696F105-1063-4BB2-95C8-C0A50E8DBF04}.Release|Any CPU.ActiveCfg = Release|Any CPU
		{1696F105-1063-4BB2-95C8-C0A50E8DBF04}.Release|Any CPU.Build.0 = Release|Any CPU
		{FB3FB7FA-200E-4A22-B610-C24AE976C55E}.Debug|Any CPU.ActiveCfg = Debug|Any CPU
		{FB3FB7FA-200E-4A22-B610-C24AE976C55E}.Debug|Any CPU.Build.0 = Debug|Any CPU
		{FB3FB7FA-200E-4A22-B610-C24AE976C55E}.Release|Any CPU.ActiveCfg = Release|Any CPU
		{FB3FB7FA-200E-4A22-B610-C24AE976C55E}.Release|Any CPU.Build.0 = Release|Any CPU
		{56F9A299-514C-4544-8B45-A32CF092AC2C}.Debug|Any CPU.ActiveCfg = Debug|Any CPU
		{56F9A299-514C-4544-8B45-A32CF092AC2C}.Debug|Any CPU.Build.0 = Debug|Any CPU
		{56F9A299-514C-4544-8B45-A32CF092AC2C}.Release|Any CPU.ActiveCfg = Release|Any CPU
		{56F9A299-514C-4544-8B45-A32CF092AC2C}.Release|Any CPU.Build.0 = Release|Any CPU
		{BA3A709B-F275-4240-ADCF-30B6721781EE}.Debug|Any CPU.ActiveCfg = Debug|Any CPU
		{BA3A709B-F275-4240-ADCF-30B6721781EE}.Debug|Any CPU.Build.0 = Debug|Any CPU
		{BA3A709B-F275-4240-ADCF-30B6721781EE}.Release|Any CPU.ActiveCfg = Release|Any CPU
		{BA3A709B-F275-4240-ADCF-30B6721781EE}.Release|Any CPU.Build.0 = Release|Any CPU
		{F4F9CF87-BFC3-43A6-80C2-B37449133CC2}.Debug|Any CPU.ActiveCfg = Debug|Any CPU
		{F4F9CF87-BFC3-43A6-80C2-B37449133CC2}.Debug|Any CPU.Build.0 = Debug|Any CPU
		{F4F9CF87-BFC3-43A6-80C2-B37449133CC2}.Release|Any CPU.ActiveCfg = Release|Any CPU
		{F4F9CF87-BFC3-43A6-80C2-B37449133CC2}.Release|Any CPU.Build.0 = Release|Any CPU
		{AB482627-7C80-4438-A6E5-DC10D9F6821B}.Debug|Any CPU.ActiveCfg = Debug|Any CPU
		{AB482627-7C80-4438-A6E5-DC10D9F6821B}.Debug|Any CPU.Build.0 = Debug|Any CPU
		{AB482627-7C80-4438-A6E5-DC10D9F6821B}.Release|Any CPU.ActiveCfg = Release|Any CPU
		{AB482627-7C80-4438-A6E5-DC10D9F6821B}.Release|Any CPU.Build.0 = Release|Any CPU
		{0C5202D4-3717-4787-A28D-C38DD408CD43}.Debug|Any CPU.ActiveCfg = Debug|Any CPU
		{0C5202D4-3717-4787-A28D-C38DD408CD43}.Debug|Any CPU.Build.0 = Debug|Any CPU
		{0C5202D4-3717-4787-A28D-C38DD408CD43}.Release|Any CPU.ActiveCfg = Release|Any CPU
		{0C5202D4-3717-4787-A28D-C38DD408CD43}.Release|Any CPU.Build.0 = Release|Any CPU
		{E5AA69AB-9994-4273-92C7-FBFFFC34DF7E}.Debug|Any CPU.ActiveCfg = Debug|Any CPU
		{E5AA69AB-9994-4273-92C7-FBFFFC34DF7E}.Debug|Any CPU.Build.0 = Debug|Any CPU
		{E5AA69AB-9994-4273-92C7-FBFFFC34DF7E}.Release|Any CPU.ActiveCfg = Release|Any CPU
		{E5AA69AB-9994-4273-92C7-FBFFFC34DF7E}.Release|Any CPU.Build.0 = Release|Any CPU
		{5473A598-3F9E-4185-9ACD-076A4D8A920D}.Debug|Any CPU.ActiveCfg = Debug|Any CPU
		{5473A598-3F9E-4185-9ACD-076A4D8A920D}.Debug|Any CPU.Build.0 = Debug|Any CPU
		{5473A598-3F9E-4185-9ACD-076A4D8A920D}.Release|Any CPU.ActiveCfg = Release|Any CPU
		{5473A598-3F9E-4185-9ACD-076A4D8A920D}.Release|Any CPU.Build.0 = Release|Any CPU
		{CD204F50-3534-47FA-BB54-F21279B16A4E}.Debug|Any CPU.ActiveCfg = Debug|Any CPU
		{CD204F50-3534-47FA-BB54-F21279B16A4E}.Debug|Any CPU.Build.0 = Debug|Any CPU
		{CD204F50-3534-47FA-BB54-F21279B16A4E}.Release|Any CPU.ActiveCfg = Release|Any CPU
		{CD204F50-3534-47FA-BB54-F21279B16A4E}.Release|Any CPU.Build.0 = Release|Any CPU
		{3F565A54-FD57-4318-BBD8-8A8F6CDE41BF}.Debug|Any CPU.ActiveCfg = Debug|Any CPU
		{3F565A54-FD57-4318-BBD8-8A8F6CDE41BF}.Debug|Any CPU.Build.0 = Debug|Any CPU
		{3F565A54-FD57-4318-BBD8-8A8F6CDE41BF}.Release|Any CPU.ActiveCfg = Release|Any CPU
		{3F565A54-FD57-4318-BBD8-8A8F6CDE41BF}.Release|Any CPU.Build.0 = Release|Any CPU
	EndGlobalSection
	GlobalSection(SolutionProperties) = preSolution
		HideSolutionNode = FALSE
	EndGlobalSection
	GlobalSection(NestedProjects) = preSolution
		{8C4326C4-C1BB-4425-844D-FC81F534421D} = {1E20ED91-AA54-4946-BBD8-434B88CCB3D0}
		{6BCB8BC7-E54F-490C-8A48-080EC45844D9} = {1E20ED91-AA54-4946-BBD8-434B88CCB3D0}
		{20F376C6-55C5-4247-A7EB-C64183BD8EEA} = {1E20ED91-AA54-4946-BBD8-434B88CCB3D0}
		{A1FDA1A2-6A4B-4520-86A7-61737D88E608} = {C9FBF0E3-D4FD-4BB8-8101-F77F4A99D429}
		{0195EDC1-1AAA-4304-BF8D-3382529B5EF9} = {C9FBF0E3-D4FD-4BB8-8101-F77F4A99D429}
		{A868C647-11DC-4F71-B3F0-C3C52EC2D959} = {C9FBF0E3-D4FD-4BB8-8101-F77F4A99D429}
		{D1032F98-8051-48FA-A8C7-D389C619A24C} = {EE6A1A78-E0AD-470A-BA03-B67A0F37ABF5}
		{1696F105-1063-4BB2-95C8-C0A50E8DBF04} = {EE6A1A78-E0AD-470A-BA03-B67A0F37ABF5}
		{FB3FB7FA-200E-4A22-B610-C24AE976C55E} = {EE6A1A78-E0AD-470A-BA03-B67A0F37ABF5}
		{56F9A299-514C-4544-8B45-A32CF092AC2C} = {F41F8BD0-9E16-47C2-8379-6A4F021E3078}
		{BA3A709B-F275-4240-ADCF-30B6721781EE} = {F41F8BD0-9E16-47C2-8379-6A4F021E3078}
		{F4F9CF87-BFC3-43A6-80C2-B37449133CC2} = {F41F8BD0-9E16-47C2-8379-6A4F021E3078}
		{AB482627-7C80-4438-A6E5-DC10D9F6821B} = {FC432B96-BAAA-40E4-AD5C-3A2914B7CA56}
		{0C5202D4-3717-4787-A28D-C38DD408CD43} = {FC432B96-BAAA-40E4-AD5C-3A2914B7CA56}
		{E5AA69AB-9994-4273-92C7-FBFFFC34DF7E} = {FC432B96-BAAA-40E4-AD5C-3A2914B7CA56}
		{5473A598-3F9E-4185-9ACD-076A4D8A920D} = {C63A4765-B157-443C-A24F-EE0ACC1981D6}
		{CD204F50-3534-47FA-BB54-F21279B16A4E} = {C63A4765-B157-443C-A24F-EE0ACC1981D6}
		{3F565A54-FD57-4318-BBD8-8A8F6CDE41BF} = {C63A4765-B157-443C-A24F-EE0ACC1981D6}
	EndGlobalSection
	GlobalSection(ExtensibilityGlobals) = postSolution
		SolutionGuid = {89751A41-AEB8-40F7-9683-A6765985AD89}
	EndGlobalSection
EndGlobal
