
Microsoft Visual Studio Solution File, Format Version 12.00
# Visual Studio Version 16
VisualStudioVersion = 16.0.33927.289
MinimumVisualStudioVersion = 10.0.40219.1
Project("{2150E333-8FDC-42A3-9474-1A3956D46DE8}") = "Task0", "Task0", "{1E20ED91-AA54-4946-BBD8-434B88CCB3D0}"
EndProject
Project("{FAE04EC0-301F-11D3-BF4B-00C04F79EFBC}") = "Tyuiu.LyaginVA.Sprint4.Task0.V27", "Tyuiu.LyaginVA.Sprint4.Task0.V27\Tyuiu.LyaginVA.Sprint4.Task0.V27.csproj", "{8C4326C4-C1BB-4425-844D-FC81F534421D}"
EndProject
Project("{FAE04EC0-301F-11D3-BF4B-00C04F79EFBC}") = "Tyuiu.LyaginVA.Sprint4.Task0.V27.Lib", "Tyuiu.LyaginVA.Sprint4.Task0.V27.Lib\Tyuiu.LyaginVA.Sprint4.Task0.V27.Lib.csproj", "{6BCB8BC7-E54F-490C-8A48-080EC45844D9}"
EndProject
Project("{FAE04EC0-301F-11D3-BF4B-00C04F79EFBC}") = "Tyuiu.LyaginVA.Sprint4.Task0.V27.Test", "Tyuiu.LyaginVA.Sprint4.Task0.V27.Test\Tyuiu.LyaginVA.Sprint4.Task0.V27.Test.csproj", "{20F376C6-55C5-4247-A7EB-C64183BD8EEA}"
EndProject
Project("{2150E333-8FDC-42A3-9474-1A3956D46DE8}") = "Task1", "Task1", "{C9FBF0E3-D4FD-4BB8-8101-F77F4A99D429}"
EndProject
Project("{FAE04EC0-301F-11D3-BF4B-00C04F79EFBC}") = "Tyuiu.LyaginVA.Sprint4.Task1.V8", "Tyuiu.LyaginVA.Sprint4.Task1.V8\Tyuiu.LyaginVA.Sprint4.Task1.V8.csproj", "{A1FDA1A2-6A4B-4520-86A7-61737D88E608}"
EndProject
Project("{FAE04EC0-301F-11D3-BF4B-00C04F79EFBC}") = "Tyuiu.LyaginVA.Sprint4.Task1.V8.Lib", "Tyuiu.LyaginVA.Sprint4.Task1.V8.Lib\Tyuiu.LyaginVA.Sprint4.Task1.V8.Lib.csproj", "{0195EDC1-1AAA-4304-BF8D-3382529B5EF9}"
EndProject
Project("{FAE04EC0-301F-11D3-BF4B-00C04F79EFBC}") = "Tyuiu.LyaginVA.Sprint4.Task1.V8.Test", "Tyuiu.LyaginVA.Sprint4.Task1.V8.Test\Tyuiu.LyaginVA.Sprint4.Task1.V8.Test.csproj", "{A868C647-11DC-4F71-B3F0-C3C52EC2D959}"
EndProject
Global
	GlobalSection(SolutionConfigurationPlatforms) = preSolution
		Debug|Any CPU = Debug|Any CPU
		Release|Any CPU = Release|Any CPU
	EndGlobalSection
	GlobalSection(ProjectConfigurationPlatforms) = postSolution
		{8C4326C4-C1BB-4425-844D-FC81F534421D}.Debug|Any CPU.ActiveCfg = Debug|Any CPU
		{8C4326C4-C1BB-4425-844D-FC81F534421D}.Debug|Any CPU.Build.0 = Debug|Any CPU
		{8C4326C4-C1BB-4425-844D-FC81F534421D}.Release|Any CPU.ActiveCfg = Release|Any CPU
		{8C4326C4-C1BB-4425-844D-FC81F534421D}.Release|Any CPU.Build.0 = Release|Any CPU
		{6BCB8BC7-E54F-490C-8A48-080EC45844D9}.Debug|Any CPU.ActiveCfg = Debug|Any CPU
		{6BCB8BC7-E54F-490C-8A48-080EC45844D9}.Debug|Any CPU.Build.0 = Debug|Any CPU
		{6BCB8BC7-E54F-490C-8A48-080EC45844D9}.Release|Any CPU.ActiveCfg = Release|Any CPU
		{6BCB8BC7-E54F-490C-8A48-080EC45844D9}.Release|Any CPU.Build.0 = Release|Any CPU
		{20F376C6-55C5-4247-A7EB-C64183BD8EEA}.Debug|Any CPU.ActiveCfg = Debug|Any CPU
		{20F376C6-55C5-4247-A7EB-C64183BD8EEA}.Debug|Any CPU.Build.0 = Debug|Any CPU
		{20F376C6-55C5-4247-A7EB-C64183BD8EEA}.Release|Any CPU.ActiveCfg = Release|Any CPU
		{20F376C6-55C5-4247-A7EB-C64183BD8EEA}.Release|Any CPU.Build.0 = Release|Any CPU
		{A1FDA1A2-6A4B-4520-86A7-61737D88E608}.Debug|Any CPU.ActiveCfg = Debug|Any CPU
		{A1FDA1A2-6A4B-4520-86A7-61737D88E608}.Debug|Any CPU.Build.0 = Debug|Any CPU
		{A1FDA1A2-6A4B-4520-86A7-61737D88E608}.Release|Any CPU.ActiveCfg = Release|Any CPU
		{A1FDA1A2-6A4B-4520-86A7-61737D88E608}.Release|Any CPU.Build.0 = Release|Any CPU
		{0195EDC1-1AAA-4304-BF8D-3382529B5EF9}.Debug|Any CPU.ActiveCfg = Debug|Any CPU
		{0195EDC1-1AAA-4304-BF8D-3382529B5EF9}.Debug|Any CPU.Build.0 = Debug|Any CPU
		{0195EDC1-1AAA-4304-BF8D-3382529B5EF9}.Release|Any CPU.ActiveCfg = Release|Any CPU
		{0195EDC1-1AAA-4304-BF8D-3382529B5EF9}.Release|Any CPU.Build.0 = Release|Any CPU
		{A868C647-11DC-4F71-B3F0-C3C52EC2D959}.Debug|Any CPU.ActiveCfg = Debug|Any CPU
		{A868C647-11DC-4F71-B3F0-C3C52EC2D959}.Debug|Any CPU.Build.0 = Debug|Any CPU
		{A868C647-11DC-4F71-B3F0-C3C52EC2D959}.Release|Any CPU.ActiveCfg = Release|Any CPU
		{A868C647-11DC-4F71-B3F0-C3C52EC2D959}.Release|Any CPU.Build.0 = Release|Any CPU
	EndGlobalSection
	GlobalSection(SolutionProperties) = preSolution
		HideSolutionNode = FALSE
	EndGlobalSection
	GlobalSection(NestedProjects) = preSolution
		{8C4326C4-C1BB-4425-844D-FC81F534421D} = {1E20ED91-AA54-4946-BBD8-434B88CCB3D0}
		{6BCB8BC7-E54F-490C-8A48-080EC45844D9} = {1E20ED91-AA54-4946-BBD8-434B88CCB3D0}
		{20F376C6-55C5-4247-A7EB-C64183BD8EEA} = {1E20ED91-AA54-4946-BBD8-434B88CCB3D0}
		{A1FDA1A2-6A4B-4520-86A7-61737D88E608} = {C9FBF0E3-D4FD-4BB8-8101-F77F4A99D429}
		{0195EDC1-1AAA-4304-BF8D-3382529B5EF9} = {C9FBF0E3-D4FD-4BB8-8101-F77F4A99D429}
		{A868C647-11DC-4F71-B3F0-C3C52EC2D959} = {C9FBF0E3-D4FD-4BB8-8101-F77F4A99D429}
	EndGlobalSection
	GlobalSection(ExtensibilityGlobals) = postSolution
		SolutionGuid = {89751A41-AEB8-40F7-9683-A6765985AD89}
	EndGlobalSection
EndGlobal
